<?xml version="1.0" encoding="utf-8"?>
<Project ToolsVersion="4.0" xmlns="http://schemas.microsoft.com/developer/msbuild/2003">
  <ItemGroup>
    <Filter Include="Assets">
      <UniqueIdentifier>{5565bb36-4c72-4c84-969b-69a2ff3d112b}</UniqueIdentifier>
    </Filter>
    <Filter Include="Tao3DCore">
      <UniqueIdentifier>{aa4f5cde-2032-4f36-bf9a-5904d41c58ab}</UniqueIdentifier>
    </Filter>
    <Filter Include="Src">
      <UniqueIdentifier>{7e0ac50d-6233-4cd6-af01-b3309b99ad57}</UniqueIdentifier>
    </Filter>
  </ItemGroup>
  <ItemGroup>
    <ClCompile Include="Src\main.cpp">
      <Filter>Src</Filter>
    </ClCompile>
    <ClCompile Include="Src\TriangleRender.cpp">
      <Filter>Src</Filter>
    </ClCompile>
    <ClCompile Include="$(SolutionDir)Tao3DCore\Application.cpp" />
    <ClCompile Include="$(SolutionDir)Tao3DCore\DXResources.cpp" />
    <ClCompile Include="$(SolutionDir)Tao3DCore\MainWindow.cpp" />
  </ItemGroup>
  <ItemGroup>
    <ClInclude Include="Src\TriangleRender.h">
      <Filter>Src</Filter>
    </ClInclude>
    <ClInclude Include="$(SolutionDir)Tao3DCore\Application.h" />
    <ClInclude Include="$(SolutionDir)Tao3DCore\Common.h" />
    <ClInclude Include="$(SolutionDir)Tao3DCore\DXResources.h" />
    <ClInclude Include="$(SolutionDir)Tao3DCore\IRender.h" />
    <ClInclude Include="$(SolutionDir)Tao3DCore\IWindow.h" />
    <ClInclude Include="$(SolutionDir)Tao3DCore\MainWindow.h" />
    <ClInclude Include="$(SolutionDir)Tao3DCore\IDeviceNotify.h">
      <Filter>Tao3DCore</Filter>
    </ClInclude>
  </ItemGroup>
</Project>