
Microsoft Visual Studio Solution File, Format Version 12.00
# Visual Studio 15
VisualStudioVersion = 15.0.28307.489
MinimumVisualStudioVersion = 10.0.40219.1
Project("{8BC9CEB8-8B4A-11D0-8D11-00A0C91BC942}") = "HelloDX", "HelloDx\HelloDX.vcxproj", "{5D126280-8C53-4A1C-AF2A-40C17FCDC2B9}"
	ProjectSection(ProjectDependencies) = postProject
		{E37D32C2-14C4-4B3A-8F71-C26B11F7A88B} = {E37D32C2-14C4-4B3A-8F71-C26B11F7A88B}
	EndProjectSection
EndProject
Project("{8BC9CEB8-8B4A-11D0-8D11-00A0C91BC942}") = "ObjConvert", "ObjConvert\ObjConvert.vcxproj", "{77176147-4010-453E-B262-5BAD58ADC2E1}"
EndProject
Project("{8BC9CEB8-8B4A-11D0-8D11-00A0C91BC942}") = "Tao3DCommon", "Tao3DCommon\Tao3DCommon.vcxproj", "{E37D32C2-14C4-4B3A-8F71-C26B11F7A88B}"
EndProject
Project("{2150E333-8FDC-42A3-9474-1A3956D46DE8}") = "Base", "Base", "{76E478D4-E1B6-45E5-8BE3-0616E781861E}"
EndProject
Project("{2150E333-8FDC-42A3-9474-1A3956D46DE8}") = "Examples", "Examples", "{CF05FA25-BCF9-4767-B72B-9EBF58887CBE}"
EndProject
Project("{2150E333-8FDC-42A3-9474-1A3956D46DE8}") = "Tools", "Tools", "{7262A84C-B66E-4706-BF2F-CADFD30934F1}"
EndProject
Global
	GlobalSection(SolutionConfigurationPlatforms) = preSolution
		Debug|x64 = Debug|x64
		Release|x64 = Release|x64
	EndGlobalSection
	GlobalSection(ProjectConfigurationPlatforms) = postSolution
		{5D126280-8C53-4A1C-AF2A-40C17FCDC2B9}.Debug|x64.ActiveCfg = Debug|x64
		{5D126280-8C53-4A1C-AF2A-40C17FCDC2B9}.Debug|x64.Build.0 = Debug|x64
		{5D126280-8C53-4A1C-AF2A-40C17FCDC2B9}.Release|x64.ActiveCfg = Release|x64
		{5D126280-8C53-4A1C-AF2A-40C17FCDC2B9}.Release|x64.Build.0 = Release|x64
		{77176147-4010-453E-B262-5BAD58ADC2E1}.Debug|x64.ActiveCfg = Debug|x64
		{77176147-4010-453E-B262-5BAD58ADC2E1}.Debug|x64.Build.0 = Debug|x64
		{77176147-4010-453E-B262-5BAD58ADC2E1}.Release|x64.ActiveCfg = Release|x64
		{77176147-4010-453E-B262-5BAD58ADC2E1}.Release|x64.Build.0 = Release|x64
		{E37D32C2-14C4-4B3A-8F71-C26B11F7A88B}.Debug|x64.ActiveCfg = Debug|x64
		{E37D32C2-14C4-4B3A-8F71-C26B11F7A88B}.Debug|x64.Build.0 = Debug|x64
		{E37D32C2-14C4-4B3A-8F71-C26B11F7A88B}.Release|x64.ActiveCfg = Release|x64
		{E37D32C2-14C4-4B3A-8F71-C26B11F7A88B}.Release|x64.Build.0 = Release|x64
	EndGlobalSection
	GlobalSection(SolutionProperties) = preSolution
		HideSolutionNode = FALSE
	EndGlobalSection
	GlobalSection(NestedProjects) = preSolution
		{5D126280-8C53-4A1C-AF2A-40C17FCDC2B9} = {CF05FA25-BCF9-4767-B72B-9EBF58887CBE}
		{77176147-4010-453E-B262-5BAD58ADC2E1} = {7262A84C-B66E-4706-BF2F-CADFD30934F1}
		{E37D32C2-14C4-4B3A-8F71-C26B11F7A88B} = {76E478D4-E1B6-45E5-8BE3-0616E781861E}
	EndGlobalSection
	GlobalSection(ExtensibilityGlobals) = postSolution
		SolutionGuid = {93889E8F-9CB2-4F3A-A3E3-AF31A6DA8C3A}
	EndGlobalSection
EndGlobal
