
Microsoft Visual Studio Solution File, Format Version 12.00
# Visual Studio 15
VisualStudioVersion = 15.0.28010.0
MinimumVisualStudioVersion = 10.0.40219.1
Project("{8BC9CEB8-8B4A-11D0-8D11-00A0C91BC942}") = "HelloDx", "HelloDx\HelloDx.vcxproj", "{94347840-6B44-4E38-A5DC-27E03E92AE5D}"
EndProject
Global
	GlobalSection(SolutionConfigurationPlatforms) = preSolution
		Debug|x64 = Debug|x64
		Debug|x86 = Debug|x86
		Release|x64 = Release|x64
		Release|x86 = Release|x86
	EndGlobalSection
	GlobalSection(ProjectConfigurationPlatforms) = postSolution
		{94347840-6B44-4E38-A5DC-27E03E92AE5D}.Debug|x64.ActiveCfg = Debug|x64
		{94347840-6B44-4E38-A5DC-27E03E92AE5D}.Debug|x64.Build.0 = Debug|x64
		{94347840-6B44-4E38-A5DC-27E03E92AE5D}.Debug|x86.ActiveCfg = Debug|Win32
		{94347840-6B44-4E38-A5DC-27E03E92AE5D}.Debug|x86.Build.0 = Debug|Win32
		{94347840-6B44-4E38-A5DC-27E03E92AE5D}.Release|x64.ActiveCfg = Release|x64
		{94347840-6B44-4E38-A5DC-27E03E92AE5D}.Release|x64.Build.0 = Release|x64
		{94347840-6B44-4E38-A5DC-27E03E92AE5D}.Release|x86.ActiveCfg = Release|Win32
		{94347840-6B44-4E38-A5DC-27E03E92AE5D}.Release|x86.Build.0 = Release|Win32
	EndGlobalSection
	GlobalSection(SolutionProperties) = preSolution
		HideSolutionNode = FALSE
	EndGlobalSection
	GlobalSection(ExtensibilityGlobals) = postSolution
		SolutionGuid = {43F8DB98-5E75-4096-A97B-27837309D8BA}
	EndGlobalSection
EndGlobal
