
Microsoft Visual Studio Solution File, Format Version 12.00
# Visual Studio 15
VisualStudioVersion = 15.0.28307.489
MinimumVisualStudioVersion = 10.0.40219.1
Project("{8BC9CEB8-8B4A-11D0-8D11-00A0C91BC942}") = "HelloDX", "HelloDx\HelloDX.vcxproj", "{5D126280-8C53-4A1C-AF2A-40C17FCDC2B9}"
	ProjectSection(ProjectDependencies) = postProject
		{E37D32C2-14C4-4B3A-8F71-C26B11F7A88B} = {E37D32C2-14C4-4B3A-8F71-C26B11F7A88B}
	EndProjectSection
EndProject
Project("{8BC9CEB8-8B4A-11D0-8D11-00A0C91BC942}") = "ObjConvert", "ObjConvert\ObjConvert.vcxproj", "{77176147-4010-453E-B262-5BAD58ADC2E1}"
EndProject
Project("{8BC9CEB8-8B4A-11D0-8D11-00A0C91BC942}") = "Tao3DCommon", "Tao3DCommon\Tao3DCommon.vcxproj", "{E37D32C2-14C4-4B3A-8F71-C26B11F7A88B}"
EndProject
Project("{2150E333-8FDC-42A3-9474-1A3956D46DE8}") = "Base", "Base", "{76E478D4-E1B6-45E5-8BE3-0616E781861E}"
EndProject
Project("{2150E333-8FDC-42A3-9474-1A3956D46DE8}") = "Examples", "Examples", "{CF05FA25-BCF9-4767-B72B-9EBF58887CBE}"
EndProject
Project("{2150E333-8FDC-42A3-9474-1A3956D46DE8}") = "Tools", "Tools", "{7262A84C-B66E-4706-BF2F-CADFD30934F1}"
EndProject
Project("{2150E333-8FDC-42A3-9474-1A3956D46DE8}") = "Others", "Others", "{C0EF1D90-004A-4714-8D6A-4214964EC82C}"
	ProjectSection(SolutionItems) = preProject
		.clang-format = .clang-format
		.gitattributes = .gitattributes
		.gitignore = .gitignore
		appveyor.yml = appveyor.yml
		LICENSE = LICENSE
		README.md = README.md
	EndProjectSection
EndProject
Project("{8BC9CEB8-8B4A-11D0-8D11-00A0C91BC942}") = "2DRender", "2DRender\2DRender.vcxproj", "{B1951DBA-4E2A-4C49-8296-8A0A4F965388}"
EndProject
Project("{8BC9CEB8-8B4A-11D0-8D11-00A0C91BC942}") = "FontEngine", "FontEngine\FontEngine.vcxproj", "{4FB4D22F-3A21-454A-A466-C6258E0B3CA0}"
	ProjectSection(ProjectDependencies) = postProject
		{E37D32C2-14C4-4B3A-8F71-C26B11F7A88B} = {E37D32C2-14C4-4B3A-8F71-C26B11F7A88B}
	EndProjectSection
EndProject
Project("{2150E333-8FDC-42A3-9474-1A3956D46DE8}") = "Examples2", "Examples2", "{9FFF8F93-71EB-4E01-B5B8-A0E9608B9E7B}"
EndProject
Project("{8BC9CEB8-8B4A-11D0-8D11-00A0C91BC942}") = "MouseKeyboard", "MouseKeyboard\MouseKeyboard.vcxproj", "{DFA948BE-6DBA-4793-AB02-24B0C1D76BAD}"
EndProject
Project("{8BC9CEB8-8B4A-11D0-8D11-00A0C91BC942}") = "DrawText", "DrawText\DrawText.vcxproj", "{6BD8D0E9-3933-4165-9DF3-0867E6536522}"
EndProject
Project("{8BC9CEB8-8B4A-11D0-8D11-00A0C91BC942}") = "Audio", "Audio\Audio.vcxproj", "{EEB7CB3B-EE8C-47E1-A208-602482D0F644}"
EndProject
Global
	GlobalSection(SolutionConfigurationPlatforms) = preSolution
		Debug|x64 = Debug|x64
		Debug|x86 = Debug|x86
		Release|x64 = Release|x64
		Release|x86 = Release|x86
	EndGlobalSection
	GlobalSection(ProjectConfigurationPlatforms) = postSolution
		{5D126280-8C53-4A1C-AF2A-40C17FCDC2B9}.Debug|x64.ActiveCfg = Debug|x64
		{5D126280-8C53-4A1C-AF2A-40C17FCDC2B9}.Debug|x64.Build.0 = Debug|x64
		{5D126280-8C53-4A1C-AF2A-40C17FCDC2B9}.Debug|x86.ActiveCfg = Debug|x64
		{5D126280-8C53-4A1C-AF2A-40C17FCDC2B9}.Release|x64.ActiveCfg = Release|x64
		{5D126280-8C53-4A1C-AF2A-40C17FCDC2B9}.Release|x64.Build.0 = Release|x64
		{5D126280-8C53-4A1C-AF2A-40C17FCDC2B9}.Release|x86.ActiveCfg = Release|x64
		{77176147-4010-453E-B262-5BAD58ADC2E1}.Debug|x64.ActiveCfg = Debug|x64
		{77176147-4010-453E-B262-5BAD58ADC2E1}.Debug|x64.Build.0 = Debug|x64
		{77176147-4010-453E-B262-5BAD58ADC2E1}.Debug|x86.ActiveCfg = Debug|x64
		{77176147-4010-453E-B262-5BAD58ADC2E1}.Release|x64.ActiveCfg = Release|x64
		{77176147-4010-453E-B262-5BAD58ADC2E1}.Release|x64.Build.0 = Release|x64
		{77176147-4010-453E-B262-5BAD58ADC2E1}.Release|x86.ActiveCfg = Release|x64
		{E37D32C2-14C4-4B3A-8F71-C26B11F7A88B}.Debug|x64.ActiveCfg = Debug|x64
		{E37D32C2-14C4-4B3A-8F71-C26B11F7A88B}.Debug|x64.Build.0 = Debug|x64
		{E37D32C2-14C4-4B3A-8F71-C26B11F7A88B}.Debug|x86.ActiveCfg = Debug|x64
		{E37D32C2-14C4-4B3A-8F71-C26B11F7A88B}.Release|x64.ActiveCfg = Release|x64
		{E37D32C2-14C4-4B3A-8F71-C26B11F7A88B}.Release|x64.Build.0 = Release|x64
		{E37D32C2-14C4-4B3A-8F71-C26B11F7A88B}.Release|x86.ActiveCfg = Release|x64
		{B1951DBA-4E2A-4C49-8296-8A0A4F965388}.Debug|x64.ActiveCfg = Debug|x64
		{B1951DBA-4E2A-4C49-8296-8A0A4F965388}.Debug|x64.Build.0 = Debug|x64
		{B1951DBA-4E2A-4C49-8296-8A0A4F965388}.Debug|x86.ActiveCfg = Debug|x64
		{B1951DBA-4E2A-4C49-8296-8A0A4F965388}.Release|x64.ActiveCfg = Release|x64
		{B1951DBA-4E2A-4C49-8296-8A0A4F965388}.Release|x64.Build.0 = Release|x64
		{B1951DBA-4E2A-4C49-8296-8A0A4F965388}.Release|x86.ActiveCfg = Release|x64
		{4FB4D22F-3A21-454A-A466-C6258E0B3CA0}.Debug|x64.ActiveCfg = Debug|x64
		{4FB4D22F-3A21-454A-A466-C6258E0B3CA0}.Debug|x64.Build.0 = Debug|x64
		{4FB4D22F-3A21-454A-A466-C6258E0B3CA0}.Debug|x86.ActiveCfg = Debug|x64
		{4FB4D22F-3A21-454A-A466-C6258E0B3CA0}.Release|x64.ActiveCfg = Release|x64
		{4FB4D22F-3A21-454A-A466-C6258E0B3CA0}.Release|x64.Build.0 = Release|x64
		{4FB4D22F-3A21-454A-A466-C6258E0B3CA0}.Release|x86.ActiveCfg = Release|x64
		{DFA948BE-6DBA-4793-AB02-24B0C1D76BAD}.Debug|x64.ActiveCfg = Debug|x64
		{DFA948BE-6DBA-4793-AB02-24B0C1D76BAD}.Debug|x64.Build.0 = Debug|x64
		{DFA948BE-6DBA-4793-AB02-24B0C1D76BAD}.Debug|x86.ActiveCfg = Debug|x64
		{DFA948BE-6DBA-4793-AB02-24B0C1D76BAD}.Release|x64.ActiveCfg = Release|x64
		{DFA948BE-6DBA-4793-AB02-24B0C1D76BAD}.Release|x64.Build.0 = Release|x64
		{DFA948BE-6DBA-4793-AB02-24B0C1D76BAD}.Release|x86.ActiveCfg = Release|x64
		{6BD8D0E9-3933-4165-9DF3-0867E6536522}.Debug|x64.ActiveCfg = Debug|x64
		{6BD8D0E9-3933-4165-9DF3-0867E6536522}.Debug|x64.Build.0 = Debug|x64
		{6BD8D0E9-3933-4165-9DF3-0867E6536522}.Debug|x86.ActiveCfg = Debug|x64
		{6BD8D0E9-3933-4165-9DF3-0867E6536522}.Release|x64.ActiveCfg = Release|x64
		{6BD8D0E9-3933-4165-9DF3-0867E6536522}.Release|x64.Build.0 = Release|x64
		{6BD8D0E9-3933-4165-9DF3-0867E6536522}.Release|x86.ActiveCfg = Release|x64
		{EEB7CB3B-EE8C-47E1-A208-602482D0F644}.Debug|x64.ActiveCfg = Debug|x64
		{EEB7CB3B-EE8C-47E1-A208-602482D0F644}.Debug|x64.Build.0 = Debug|x64
		{EEB7CB3B-EE8C-47E1-A208-602482D0F644}.Debug|x86.ActiveCfg = Debug|x64
		{EEB7CB3B-EE8C-47E1-A208-602482D0F644}.Release|x64.ActiveCfg = Release|x64
		{EEB7CB3B-EE8C-47E1-A208-602482D0F644}.Release|x64.Build.0 = Release|x64
		{EEB7CB3B-EE8C-47E1-A208-602482D0F644}.Release|x86.ActiveCfg = Release|x64
	EndGlobalSection
	GlobalSection(SolutionProperties) = preSolution
		HideSolutionNode = FALSE
	EndGlobalSection
	GlobalSection(NestedProjects) = preSolution
		{5D126280-8C53-4A1C-AF2A-40C17FCDC2B9} = {CF05FA25-BCF9-4767-B72B-9EBF58887CBE}
		{77176147-4010-453E-B262-5BAD58ADC2E1} = {7262A84C-B66E-4706-BF2F-CADFD30934F1}
		{E37D32C2-14C4-4B3A-8F71-C26B11F7A88B} = {76E478D4-E1B6-45E5-8BE3-0616E781861E}
		{B1951DBA-4E2A-4C49-8296-8A0A4F965388} = {CF05FA25-BCF9-4767-B72B-9EBF58887CBE}
		{4FB4D22F-3A21-454A-A466-C6258E0B3CA0} = {CF05FA25-BCF9-4767-B72B-9EBF58887CBE}
		{DFA948BE-6DBA-4793-AB02-24B0C1D76BAD} = {9FFF8F93-71EB-4E01-B5B8-A0E9608B9E7B}
		{6BD8D0E9-3933-4165-9DF3-0867E6536522} = {9FFF8F93-71EB-4E01-B5B8-A0E9608B9E7B}
		{EEB7CB3B-EE8C-47E1-A208-602482D0F644} = {9FFF8F93-71EB-4E01-B5B8-A0E9608B9E7B}
	EndGlobalSection
	GlobalSection(ExtensibilityGlobals) = postSolution
		SolutionGuid = {93889E8F-9CB2-4F3A-A3E3-AF31A6DA8C3A}
	EndGlobalSection
EndGlobal
