<?xml version="1.0" encoding="utf-8"?>
<Project ToolsVersion="4.0" xmlns="http://schemas.microsoft.com/developer/msbuild/2003">
  <ItemGroup>
    <Filter Include="Assets">
      <UniqueIdentifier>{ddacb9c9-4cc5-4584-a136-c9fb3fc4b8ac}</UniqueIdentifier>
    </Filter>
    <Filter Include="Tao3DCore">
      <UniqueIdentifier>{1b4a760d-9144-4d6e-baf4-505bba231cb5}</UniqueIdentifier>
    </Filter>
    <Filter Include="Src">
      <UniqueIdentifier>{9d12685c-c7fd-403e-a797-77c1ff8c9cfe}</UniqueIdentifier>
    </Filter>
  </ItemGroup>
  <ItemGroup>
    <ClCompile Include="..\Tao3DCore\Application.cpp">
      <Filter>Tao3DCore</Filter>
    </ClCompile>
    <ClCompile Include="..\Tao3DCore\DXResources.cpp">
      <Filter>Tao3DCore</Filter>
    </ClCompile>
    <ClCompile Include="..\Tao3DCore\MainWindow.cpp">
      <Filter>Tao3DCore</Filter>
    </ClCompile>
    <ClCompile Include="Src\main.cpp">
      <Filter>Src</Filter>
    </ClCompile>
    <ClCompile Include="Src\TextRender.cpp">
      <Filter>Src</Filter>
    </ClCompile>
  </ItemGroup>
  <ItemGroup>
    <ClInclude Include="..\Tao3DCore\Application.h">
      <Filter>Tao3DCore</Filter>
    </ClInclude>
    <ClInclude Include="..\Tao3DCore\Common.h">
      <Filter>Tao3DCore</Filter>
    </ClInclude>
    <ClInclude Include="..\Tao3DCore\DXResources.h">
      <Filter>Tao3DCore</Filter>
    </ClInclude>
    <ClInclude Include="..\Tao3DCore\IRender.h">
      <Filter>Tao3DCore</Filter>
    </ClInclude>
    <ClInclude Include="..\Tao3DCore\IWindow.h">
      <Filter>Tao3DCore</Filter>
    </ClInclude>
    <ClInclude Include="..\Tao3DCore\MainWindow.h">
      <Filter>Tao3DCore</Filter>
    </ClInclude>
    <ClInclude Include="Src\TextRender.h">
      <Filter>Src</Filter>
    </ClInclude>
  </ItemGroup>
  <ItemGroup>
    <None Include="Assets\TaoFont.spritefont">
      <Filter>Assets</Filter>
    </None>
    <None Include="Assets\TaoFont-Bold.spritefont">
      <Filter>Assets</Filter>
    </None>
    <None Include="Assets\TaoFont-Italic.spritefont">
      <Filter>Assets</Filter>
    </None>
    <None Include="Assets\TaoFont-Strikeout.spritefont">
      <Filter>Assets</Filter>
    </None>
    <None Include="Assets\TaoFont-Underline.spritefont">
      <Filter>Assets</Filter>
    </None>
  </ItemGroup>
</Project>