<?xml version="1.0" encoding="utf-8"?>
<Project ToolsVersion="4.0" xmlns="http://schemas.microsoft.com/developer/msbuild/2003">
  <ItemGroup>
    <Filter Include="Assets">
      <UniqueIdentifier>{ddacb9c9-4cc5-4584-a136-c9fb3fc4b8ac}</UniqueIdentifier>
    </Filter>
    <Filter Include="Tao3DCore">
      <UniqueIdentifier>{1b4a760d-9144-4d6e-baf4-505bba231cb5}</UniqueIdentifier>
    </Filter>
    <Filter Include="Src">
      <UniqueIdentifier>{9d12685c-c7fd-403e-a797-77c1ff8c9cfe}</UniqueIdentifier>
    </Filter>
  </ItemGroup>
  <ItemGroup>
    <ClCompile Include="Src\main.cpp">
      <Filter>Src</Filter>
    </ClCompile>
    <ClCompile Include="Src\TextRender.cpp">
      <Filter>Src</Filter>
    </ClCompile>
    <ClCompile Include="$(SolutionDir)Tao3DCore\Application.cpp" />
    <ClCompile Include="$(SolutionDir)Tao3DCore\DXResources.cpp" />
    <ClCompile Include="$(SolutionDir)Tao3DCore\MainWindow.cpp" />
  </ItemGroup>
  <ItemGroup>
    <ClInclude Include="Src\TextRender.h">
      <Filter>Src</Filter>
    </ClInclude>
    <ClInclude Include="$(SolutionDir)Tao3DCore\Application.h" />
    <ClInclude Include="$(SolutionDir)Tao3DCore\Common.h" />
    <ClInclude Include="$(SolutionDir)Tao3DCore\DXResources.h" />
    <ClInclude Include="$(SolutionDir)Tao3DCore\IRender.h" />
    <ClInclude Include="$(SolutionDir)Tao3DCore\IWindow.h" />
    <ClInclude Include="$(SolutionDir)Tao3DCore\MainWindow.h" />
    <ClInclude Include="$(SolutionDir)Tao3DCore\IDeviceNotify.h">
      <Filter>Tao3DCore</Filter>
    </ClInclude>
  </ItemGroup>
  <ItemGroup>
    <CopyFileToFolders Include="Assets\TaoFont-Bold.spritefont" />
    <CopyFileToFolders Include="Assets\TaoFont-Italic.spritefont" />
    <CopyFileToFolders Include="Assets\TaoFont-Strikeout.spritefont" />
    <CopyFileToFolders Include="Assets\TaoFont-Underline.spritefont" />
    <CopyFileToFolders Include="Assets\TaoFont.spritefont" />
  </ItemGroup>
</Project>